// !$*UTF8*$!
{
	archiveVersion = 1;
	classes = {
	};
	objectVersion = 46;
	objects = {

/* Begin PBXBuildFile section */
		45D734BE1EE2FDB700B3D4FC /* AppDelegate.m in Sources */ = {isa = PBXBuildFile; fileRef = 45D734BD1EE2FDB700B3D4FC /* AppDelegate.m */; };
		45D734C11EE2FDB700B3D4FC /* main.m in Sources */ = {isa = PBXBuildFile; fileRef = 45D734C01EE2FDB700B3D4FC /* main.m */; };
		45D734C41EE2FDB700B3D4FC /* ViewController.m in Sources */ = {isa = PBXBuildFile; fileRef = 45D734C31EE2FDB700B3D4FC /* ViewController.m */; };
		45D734C61EE2FDB700B3D4FC /* Assets.xcassets in Resources */ = {isa = PBXBuildFile; fileRef = 45D734C51EE2FDB700B3D4FC /* Assets.xcassets */; };
		45D734C91EE2FDB700B3D4FC /* Main.storyboard in Resources */ = {isa = PBXBuildFile; fileRef = 45D734C71EE2FDB700B3D4FC /* Main.storyboard */; };
		45D734D41EE2FDB700B3D4FC /* ReduxMagicTests.m in Sources */ = {isa = PBXBuildFile; fileRef = 45D734D31EE2FDB700B3D4FC /* ReduxMagicTests.m */; };
		45D734DF1EE2FDB700B3D4FC /* ReduxMagicUITests.m in Sources */ = {isa = PBXBuildFile; fileRef = 45D734DE1EE2FDB700B3D4FC /* ReduxMagicUITests.m */; };
		45D734EE1EE2FE5A00B3D4FC /* Store.m in Sources */ = {isa = PBXBuildFile; fileRef = 45D734ED1EE2FE5A00B3D4FC /* Store.m */; };
		45D734F41EE3189600B3D4FC /* Reducer.m in Sources */ = {isa = PBXBuildFile; fileRef = 45D734F31EE3189600B3D4FC /* Reducer.m */; };
/* End PBXBuildFile section */

/* Begin PBXContainerItemProxy section */
		45D734D01EE2FDB700B3D4FC /* PBXContainerItemProxy */ = {
			isa = PBXContainerItemProxy;
			containerPortal = 45D734B11EE2FDB700B3D4FC /* Project object */;
			proxyType = 1;
			remoteGlobalIDString = 45D734B81EE2FDB700B3D4FC;
			remoteInfo = ReduxMagic;
		};
		45D734DB1EE2FDB700B3D4FC /* PBXContainerItemProxy */ = {
			isa = PBXContainerItemProxy;
			containerPortal = 45D734B11EE2FDB700B3D4FC /* Project object */;
			proxyType = 1;
			remoteGlobalIDString = 45D734B81EE2FDB700B3D4FC;
			remoteInfo = ReduxMagic;
		};
/* End PBXContainerItemProxy section */

/* Begin PBXFileReference section */
		45D734B91EE2FDB700B3D4FC /* ReduxMagic.app */ = {isa = PBXFileReference; explicitFileType = wrapper.application; includeInIndex = 0; path = ReduxMagic.app; sourceTree = BUILT_PRODUCTS_DIR; };
		45D734BC1EE2FDB700B3D4FC /* AppDelegate.h */ = {isa = PBXFileReference; lastKnownFileType = sourcecode.c.h; path = AppDelegate.h; sourceTree = "<group>"; };
		45D734BD1EE2FDB700B3D4FC /* AppDelegate.m */ = {isa = PBXFileReference; lastKnownFileType = sourcecode.c.objc; path = AppDelegate.m; sourceTree = "<group>"; };
		45D734C01EE2FDB700B3D4FC /* main.m */ = {isa = PBXFileReference; lastKnownFileType = sourcecode.c.objc; path = main.m; sourceTree = "<group>"; };
		45D734C21EE2FDB700B3D4FC /* ViewController.h */ = {isa = PBXFileReference; lastKnownFileType = sourcecode.c.h; path = ViewController.h; sourceTree = "<group>"; };
		45D734C31EE2FDB700B3D4FC /* ViewController.m */ = {isa = PBXFileReference; lastKnownFileType = sourcecode.c.objc; path = ViewController.m; sourceTree = "<group>"; };
		45D734C51EE2FDB700B3D4FC /* Assets.xcassets */ = {isa = PBXFileReference; lastKnownFileType = folder.assetcatalog; path = Assets.xcassets; sourceTree = "<group>"; };
		45D734C81EE2FDB700B3D4FC /* Base */ = {isa = PBXFileReference; lastKnownFileType = file.storyboard; name = Base; path = Base.lproj/Main.storyboard; sourceTree = "<group>"; };
		45D734CA1EE2FDB700B3D4FC /* Info.plist */ = {isa = PBXFileReference; lastKnownFileType = text.plist.xml; path = Info.plist; sourceTree = "<group>"; };
		45D734CF1EE2FDB700B3D4FC /* ReduxMagicTests.xctest */ = {isa = PBXFileReference; explicitFileType = wrapper.cfbundle; includeInIndex = 0; path = ReduxMagicTests.xctest; sourceTree = BUILT_PRODUCTS_DIR; };
		45D734D31EE2FDB700B3D4FC /* ReduxMagicTests.m */ = {isa = PBXFileReference; lastKnownFileType = sourcecode.c.objc; path = ReduxMagicTests.m; sourceTree = "<group>"; };
		45D734D51EE2FDB700B3D4FC /* Info.plist */ = {isa = PBXFileReference; lastKnownFileType = text.plist.xml; path = Info.plist; sourceTree = "<group>"; };
		45D734DA1EE2FDB700B3D4FC /* ReduxMagicUITests.xctest */ = {isa = PBXFileReference; explicitFileType = wrapper.cfbundle; includeInIndex = 0; path = ReduxMagicUITests.xctest; sourceTree = BUILT_PRODUCTS_DIR; };
		45D734DE1EE2FDB700B3D4FC /* ReduxMagicUITests.m */ = {isa = PBXFileReference; lastKnownFileType = sourcecode.c.objc; path = ReduxMagicUITests.m; sourceTree = "<group>"; };
		45D734E01EE2FDB700B3D4FC /* Info.plist */ = {isa = PBXFileReference; lastKnownFileType = text.plist.xml; path = Info.plist; sourceTree = "<group>"; };
		45D734EC1EE2FE5A00B3D4FC /* Store.h */ = {isa = PBXFileReference; fileEncoding = 4; lastKnownFileType = sourcecode.c.h; path = Store.h; sourceTree = "<group>"; };
		45D734ED1EE2FE5A00B3D4FC /* Store.m */ = {isa = PBXFileReference; fileEncoding = 4; lastKnownFileType = sourcecode.c.objc; path = Store.m; sourceTree = "<group>"; };
		45D734F21EE3189600B3D4FC /* Reducer.h */ = {isa = PBXFileReference; fileEncoding = 4; lastKnownFileType = sourcecode.c.h; path = Reducer.h; sourceTree = "<group>"; };
		45D734F31EE3189600B3D4FC /* Reducer.m */ = {isa = PBXFileReference; fileEncoding = 4; lastKnownFileType = sourcecode.c.objc; path = Reducer.m; sourceTree = "<group>"; };
/* End PBXFileReference section */

/* Begin PBXFrameworksBuildPhase section */
		45D734B61EE2FDB700B3D4FC /* Frameworks */ = {
			isa = PBXFrameworksBuildPhase;
			buildActionMask = 2147483647;
			files = (
			);
			runOnlyForDeploymentPostprocessing = 0;
		};
		45D734CC1EE2FDB700B3D4FC /* Frameworks */ = {
			isa = PBXFrameworksBuildPhase;
			buildActionMask = 2147483647;
			files = (
			);
			runOnlyForDeploymentPostprocessing = 0;
		};
		45D734D71EE2FDB700B3D4FC /* Frameworks */ = {
			isa = PBXFrameworksBuildPhase;
			buildActionMask = 2147483647;
			files = (
			);
			runOnlyForDeploymentPostprocessing = 0;
		};
/* End PBXFrameworksBuildPhase section */

/* Begin PBXGroup section */
		45D734B01EE2FDB700B3D4FC = {
			isa = PBXGroup;
			children = (
				45D734BB1EE2FDB700B3D4FC /* ReduxMagic */,
				45D734D21EE2FDB700B3D4FC /* ReduxMagicTests */,
				45D734DD1EE2FDB700B3D4FC /* ReduxMagicUITests */,
				45D734BA1EE2FDB700B3D4FC /* Products */,
			);
			sourceTree = "<group>";
		};
		45D734BA1EE2FDB700B3D4FC /* Products */ = {
			isa = PBXGroup;
			children = (
				45D734B91EE2FDB700B3D4FC /* ReduxMagic.app */,
				45D734CF1EE2FDB700B3D4FC /* ReduxMagicTests.xctest */,
				45D734DA1EE2FDB700B3D4FC /* ReduxMagicUITests.xctest */,
			);
			name = Products;
			sourceTree = "<group>";
		};
		45D734BB1EE2FDB700B3D4FC /* ReduxMagic */ = {
			isa = PBXGroup;
			children = (
				45D734EC1EE2FE5A00B3D4FC /* Store.h */,
				45D734ED1EE2FE5A00B3D4FC /* Store.m */,
				45D734F21EE3189600B3D4FC /* Reducer.h */,
				45D734F31EE3189600B3D4FC /* Reducer.m */,
				45D734BC1EE2FDB700B3D4FC /* AppDelegate.h */,
				45D734BD1EE2FDB700B3D4FC /* AppDelegate.m */,
				45D734C21EE2FDB700B3D4FC /* ViewController.h */,
				45D734C31EE2FDB700B3D4FC /* ViewController.m */,
				45D734C51EE2FDB700B3D4FC /* Assets.xcassets */,
				45D734C71EE2FDB700B3D4FC /* Main.storyboard */,
				45D734CA1EE2FDB700B3D4FC /* Info.plist */,
				45D734BF1EE2FDB700B3D4FC /* Supporting Files */,
			);
			path = ReduxMagic;
			sourceTree = "<group>";
		};
		45D734BF1EE2FDB700B3D4FC /* Supporting Files */ = {
			isa = PBXGroup;
			children = (
				45D734C01EE2FDB700B3D4FC /* main.m */,
			);
			name = "Supporting Files";
			sourceTree = "<group>";
		};
		45D734D21EE2FDB700B3D4FC /* ReduxMagicTests */ = {
			isa = PBXGroup;
			children = (
				45D734D31EE2FDB700B3D4FC /* ReduxMagicTests.m */,
				45D734D51EE2FDB700B3D4FC /* Info.plist */,
			);
			path = ReduxMagicTests;
			sourceTree = "<group>";
		};
		45D734DD1EE2FDB700B3D4FC /* ReduxMagicUITests */ = {
			isa = PBXGroup;
			children = (
				45D734DE1EE2FDB700B3D4FC /* ReduxMagicUITests.m */,
				45D734E01EE2FDB700B3D4FC /* Info.plist */,
			);
			path = ReduxMagicUITests;
			sourceTree = "<group>";
		};
/* End PBXGroup section */

/* Begin PBXNativeTarget section */
		45D734B81EE2FDB700B3D4FC /* ReduxMagic */ = {
			isa = PBXNativeTarget;
			buildConfigurationList = 45D734E31EE2FDB700B3D4FC /* Build configuration list for PBXNativeTarget "ReduxMagic" */;
			buildPhases = (
				45D734B51EE2FDB700B3D4FC /* Sources */,
				45D734B61EE2FDB700B3D4FC /* Frameworks */,
				45D734B71EE2FDB700B3D4FC /* Resources */,
			);
			buildRules = (
			);
			dependencies = (
			);
			name = ReduxMagic;
			productName = ReduxMagic;
			productReference = 45D734B91EE2FDB700B3D4FC /* ReduxMagic.app */;
			productType = "com.apple.product-type.application";
		};
		45D734CE1EE2FDB700B3D4FC /* ReduxMagicTests */ = {
			isa = PBXNativeTarget;
			buildConfigurationList = 45D734E61EE2FDB700B3D4FC /* Build configuration list for PBXNativeTarget "ReduxMagicTests" */;
			buildPhases = (
				45D734CB1EE2FDB700B3D4FC /* Sources */,
				45D734CC1EE2FDB700B3D4FC /* Frameworks */,
				45D734CD1EE2FDB700B3D4FC /* Resources */,
			);
			buildRules = (
			);
			dependencies = (
				45D734D11EE2FDB700B3D4FC /* PBXTargetDependency */,
			);
			name = ReduxMagicTests;
			productName = ReduxMagicTests;
			productReference = 45D734CF1EE2FDB700B3D4FC /* ReduxMagicTests.xctest */;
			productType = "com.apple.product-type.bundle.unit-test";
		};
		45D734D91EE2FDB700B3D4FC /* ReduxMagicUITests */ = {
			isa = PBXNativeTarget;
			buildConfigurationList = 45D734E91EE2FDB700B3D4FC /* Build configuration list for PBXNativeTarget "ReduxMagicUITests" */;
			buildPhases = (
				45D734D61EE2FDB700B3D4FC /* Sources */,
				45D734D71EE2FDB700B3D4FC /* Frameworks */,
				45D734D81EE2FDB700B3D4FC /* Resources */,
			);
			buildRules = (
			);
			dependencies = (
				45D734DC1EE2FDB700B3D4FC /* PBXTargetDependency */,
			);
			name = ReduxMagicUITests;
			productName = ReduxMagicUITests;
			productReference = 45D734DA1EE2FDB700B3D4FC /* ReduxMagicUITests.xctest */;
			productType = "com.apple.product-type.bundle.ui-testing";
		};
/* End PBXNativeTarget section */

/* Begin PBXProject section */
		45D734B11EE2FDB700B3D4FC /* Project object */ = {
			isa = PBXProject;
			attributes = {
				LastUpgradeCheck = 0830;
				ORGANIZATIONNAME = "Ruben Private";
				TargetAttributes = {
					45D734B81EE2FDB700B3D4FC = {
						CreatedOnToolsVersion = 8.3.2;
						ProvisioningStyle = Automatic;
					};
					45D734CE1EE2FDB700B3D4FC = {
						CreatedOnToolsVersion = 8.3.2;
						ProvisioningStyle = Automatic;
						TestTargetID = 45D734B81EE2FDB700B3D4FC;
					};
					45D734D91EE2FDB700B3D4FC = {
						CreatedOnToolsVersion = 8.3.2;
						ProvisioningStyle = Automatic;
						TestTargetID = 45D734B81EE2FDB700B3D4FC;
					};
				};
			};
			buildConfigurationList = 45D734B41EE2FDB700B3D4FC /* Build configuration list for PBXProject "ReduxMagic" */;
			compatibilityVersion = "Xcode 3.2";
			developmentRegion = English;
			hasScannedForEncodings = 0;
			knownRegions = (
				en,
				Base,
			);
			mainGroup = 45D734B01EE2FDB700B3D4FC;
			productRefGroup = 45D734BA1EE2FDB700B3D4FC /* Products */;
			projectDirPath = "";
			projectRoot = "";
			targets = (
				45D734B81EE2FDB700B3D4FC /* ReduxMagic */,
				45D734CE1EE2FDB700B3D4FC /* ReduxMagicTests */,
				45D734D91EE2FDB700B3D4FC /* ReduxMagicUITests */,
			);
		};
/* End PBXProject section */

/* Begin PBXResourcesBuildPhase section */
		45D734B71EE2FDB700B3D4FC /* Resources */ = {
			isa = PBXResourcesBuildPhase;
			buildActionMask = 2147483647;
			files = (
				45D734C61EE2FDB700B3D4FC /* Assets.xcassets in Resources */,
				45D734C91EE2FDB700B3D4FC /* Main.storyboard in Resources */,
			);
			runOnlyForDeploymentPostprocessing = 0;
		};
		45D734CD1EE2FDB700B3D4FC /* Resources */ = {
			isa = PBXResourcesBuildPhase;
			buildActionMask = 2147483647;
			files = (
			);
			runOnlyForDeploymentPostprocessing = 0;
		};
		45D734D81EE2FDB700B3D4FC /* Resources */ = {
			isa = PBXResourcesBuildPhase;
			buildActionMask = 2147483647;
			files = (
			);
			runOnlyForDeploymentPostprocessing = 0;
		};
/* End PBXResourcesBuildPhase section */

/* Begin PBXSourcesBuildPhase section */
		45D734B51EE2FDB700B3D4FC /* Sources */ = {
			isa = PBXSourcesBuildPhase;
			buildActionMask = 2147483647;
			files = (
				45D734F41EE3189600B3D4FC /* Reducer.m in Sources */,
				45D734C41EE2FDB700B3D4FC /* ViewController.m in Sources */,
				45D734C11EE2FDB700B3D4FC /* main.m in Sources */,
				45D734BE1EE2FDB700B3D4FC /* AppDelegate.m in Sources */,
				45D734EE1EE2FE5A00B3D4FC /* Store.m in Sources */,
			);
			runOnlyForDeploymentPostprocessing = 0;
		};
		45D734CB1EE2FDB700B3D4FC /* Sources */ = {
			isa = PBXSourcesBuildPhase;
			buildActionMask = 2147483647;
			files = (
				45D734D41EE2FDB700B3D4FC /* ReduxMagicTests.m in Sources */,
			);
			runOnlyForDeploymentPostprocessing = 0;
		};
		45D734D61EE2FDB700B3D4FC /* Sources */ = {
			isa = PBXSourcesBuildPhase;
			buildActionMask = 2147483647;
			files = (
				45D734DF1EE2FDB700B3D4FC /* ReduxMagicUITests.m in Sources */,
			);
			runOnlyForDeploymentPostprocessing = 0;
		};
/* End PBXSourcesBuildPhase section */

/* Begin PBXTargetDependency section */
		45D734D11EE2FDB700B3D4FC /* PBXTargetDependency */ = {
			isa = PBXTargetDependency;
			target = 45D734B81EE2FDB700B3D4FC /* ReduxMagic */;
			targetProxy = 45D734D01EE2FDB700B3D4FC /* PBXContainerItemProxy */;
		};
		45D734DC1EE2FDB700B3D4FC /* PBXTargetDependency */ = {
			isa = PBXTargetDependency;
			target = 45D734B81EE2FDB700B3D4FC /* ReduxMagic */;
			targetProxy = 45D734DB1EE2FDB700B3D4FC /* PBXContainerItemProxy */;
		};
/* End PBXTargetDependency section */

/* Begin PBXVariantGroup section */
		45D734C71EE2FDB700B3D4FC /* Main.storyboard */ = {
			isa = PBXVariantGroup;
			children = (
				45D734C81EE2FDB700B3D4FC /* Base */,
			);
			name = Main.storyboard;
			sourceTree = "<group>";
		};
/* End PBXVariantGroup section */

/* Begin XCBuildConfiguration section */
		45D734E11EE2FDB700B3D4FC /* Debug */ = {
			isa = XCBuildConfiguration;
			buildSettings = {
				ALWAYS_SEARCH_USER_PATHS = NO;
				CLANG_ANALYZER_NONNULL = YES;
				CLANG_ANALYZER_NUMBER_OBJECT_CONVERSION = YES_AGGRESSIVE;
				CLANG_CXX_LANGUAGE_STANDARD = "gnu++0x";
				CLANG_CXX_LIBRARY = "libc++";
				CLANG_ENABLE_MODULES = YES;
				CLANG_ENABLE_OBJC_ARC = YES;
				CLANG_WARN_BOOL_CONVERSION = YES;
				CLANG_WARN_CONSTANT_CONVERSION = YES;
				CLANG_WARN_DIRECT_OBJC_ISA_USAGE = YES_ERROR;
				CLANG_WARN_DOCUMENTATION_COMMENTS = YES;
				CLANG_WARN_EMPTY_BODY = YES;
				CLANG_WARN_ENUM_CONVERSION = YES;
				CLANG_WARN_INFINITE_RECURSION = YES;
				CLANG_WARN_INT_CONVERSION = YES;
				CLANG_WARN_OBJC_ROOT_CLASS = YES_ERROR;
				CLANG_WARN_SUSPICIOUS_MOVE = YES;
				CLANG_WARN_UNREACHABLE_CODE = YES;
				CLANG_WARN__DUPLICATE_METHOD_MATCH = YES;
				CODE_SIGN_IDENTITY = "-";
				COPY_PHASE_STRIP = NO;
				DEBUG_INFORMATION_FORMAT = dwarf;
				ENABLE_STRICT_OBJC_MSGSEND = YES;
				ENABLE_TESTABILITY = YES;
				GCC_C_LANGUAGE_STANDARD = gnu99;
				GCC_DYNAMIC_NO_PIC = NO;
				GCC_NO_COMMON_BLOCKS = YES;
				GCC_OPTIMIZATION_LEVEL = 0;
				GCC_PREPROCESSOR_DEFINITIONS = (
					"DEBUG=1",
					"$(inherited)",
				);
				GCC_WARN_64_TO_32_BIT_CONVERSION = YES;
				GCC_WARN_ABOUT_RETURN_TYPE = YES_ERROR;
				GCC_WARN_UNDECLARED_SELECTOR = YES;
				GCC_WARN_UNINITIALIZED_AUTOS = YES_AGGRESSIVE;
				GCC_WARN_UNUSED_FUNCTION = YES;
				GCC_WARN_UNUSED_VARIABLE = YES;
				MACOSX_DEPLOYMENT_TARGET = 10.12;
				MTL_ENABLE_DEBUG_INFO = YES;
				ONLY_ACTIVE_ARCH = YES;
				SDKROOT = macosx;
			};
			name = Debug;
		};
		45D734E21EE2FDB700B3D4FC /* Release */ = {
			isa = XCBuildConfiguration;
			buildSettings = {
				ALWAYS_SEARCH_USER_PATHS = NO;
				CLANG_ANALYZER_NONNULL = YES;
				CLANG_ANALYZER_NUMBER_OBJECT_CONVERSION = YES_AGGRESSIVE;
				CLANG_CXX_LANGUAGE_STANDARD = "gnu++0x";
				CLANG_CXX_LIBRARY = "libc++";
				CLANG_ENABLE_MODULES = YES;
				CLANG_ENABLE_OBJC_ARC = YES;
				CLANG_WARN_BOOL_CONVERSION = YES;
				CLANG_WARN_CONSTANT_CONVERSION = YES;
				CLANG_WARN_DIRECT_OBJC_ISA_USAGE = YES_ERROR;
				CLANG_WARN_DOCUMENTATION_COMMENTS = YES;
				CLANG_WARN_EMPTY_BODY = YES;
				CLANG_WARN_ENUM_CONVERSION = YES;
				CLANG_WARN_INFINITE_RECURSION = YES;
				CLANG_WARN_INT_CONVERSION = YES;
				CLANG_WARN_OBJC_ROOT_CLASS = YES_ERROR;
				CLANG_WARN_SUSPICIOUS_MOVE = YES;
				CLANG_WARN_UNREACHABLE_CODE = YES;
				CLANG_WARN__DUPLICATE_METHOD_MATCH = YES;
				CODE_SIGN_IDENTITY = "-";
				COPY_PHASE_STRIP = NO;
				DEBUG_INFORMATION_FORMAT = "dwarf-with-dsym";
				ENABLE_NS_ASSERTIONS = NO;
				ENABLE_STRICT_OBJC_MSGSEND = YES;
				GCC_C_LANGUAGE_STANDARD = gnu99;
				GCC_NO_COMMON_BLOCKS = YES;
				GCC_WARN_64_TO_32_BIT_CONVERSION = YES;
				GCC_WARN_ABOUT_RETURN_TYPE = YES_ERROR;
				GCC_WARN_UNDECLARED_SELECTOR = YES;
				GCC_WARN_UNINITIALIZED_AUTOS = YES_AGGRESSIVE;
				GCC_WARN_UNUSED_FUNCTION = YES;
				GCC_WARN_UNUSED_VARIABLE = YES;
				MACOSX_DEPLOYMENT_TARGET = 10.12;
				MTL_ENABLE_DEBUG_INFO = NO;
				SDKROOT = macosx;
			};
			name = Release;
		};
		45D734E41EE2FDB700B3D4FC /* Debug */ = {
			isa = XCBuildConfiguration;
			buildSettings = {
				ASSETCATALOG_COMPILER_APPICON_NAME = AppIcon;
				COMBINE_HIDPI_IMAGES = YES;
				INFOPLIST_FILE = ReduxMagic/Info.plist;
				LD_RUNPATH_SEARCH_PATHS = "$(inherited) @executable_path/../Frameworks";
				PRODUCT_BUNDLE_IDENTIFIER = com.josewwdc.ReduxMagic;
				PRODUCT_NAME = "$(TARGET_NAME)";
			};
			name = Debug;
		};
		45D734E51EE2FDB700B3D4FC /* Release */ = {
			isa = XCBuildConfiguration;
			buildSettings = {
				ASSETCATALOG_COMPILER_APPICON_NAME = AppIcon;
				COMBINE_HIDPI_IMAGES = YES;
				INFOPLIST_FILE = ReduxMagic/Info.plist;
				LD_RUNPATH_SEARCH_PATHS = "$(inherited) @executable_path/../Frameworks";
				PRODUCT_BUNDLE_IDENTIFIER = com.josewwdc.ReduxMagic;
				PRODUCT_NAME = "$(TARGET_NAME)";
			};
			name = Release;
		};
		45D734E71EE2FDB700B3D4FC /* Debug */ = {
			isa = XCBuildConfiguration;
			buildSettings = {
				BUNDLE_LOADER = "$(TEST_HOST)";
				COMBINE_HIDPI_IMAGES = YES;
				INFOPLIST_FILE = ReduxMagicTests/Info.plist;
				LD_RUNPATH_SEARCH_PATHS = "$(inherited) @executable_path/../Frameworks @loader_path/../Frameworks";
				PRODUCT_BUNDLE_IDENTIFIER = com.josewwdc.ReduxMagicTests;
				PRODUCT_NAME = "$(TARGET_NAME)";
				TEST_HOST = "$(BUILT_PRODUCTS_DIR)/ReduxMagic.app/Contents/MacOS/ReduxMagic";
			};
			name = Debug;
		};
		45D734E81EE2FDB700B3D4FC /* Release */ = {
			isa = XCBuildConfiguration;
			buildSettings = {
				BUNDLE_LOADER = "$(TEST_HOST)";
				COMBINE_HIDPI_IMAGES = YES;
				INFOPLIST_FILE = ReduxMagicTests/Info.plist;
				LD_RUNPATH_SEARCH_PATHS = "$(inherited) @executable_path/../Frameworks @loader_path/../Frameworks";
				PRODUCT_BUNDLE_IDENTIFIER = com.josewwdc.ReduxMagicTests;
				PRODUCT_NAME = "$(TARGET_NAME)";
				TEST_HOST = "$(BUILT_PRODUCTS_DIR)/ReduxMagic.app/Contents/MacOS/ReduxMagic";
			};
			name = Release;
		};
		45D734EA1EE2FDB700B3D4FC /* Debug */ = {
			isa = XCBuildConfiguration;
			buildSettings = {
				COMBINE_HIDPI_IMAGES = YES;
				INFOPLIST_FILE = ReduxMagicUITests/Info.plist;
				LD_RUNPATH_SEARCH_PATHS = "$(inherited) @executable_path/../Frameworks @loader_path/../Frameworks";
				PRODUCT_BUNDLE_IDENTIFIER = com.josewwdc.ReduxMagicUITests;
				PRODUCT_NAME = "$(TARGET_NAME)";
				TEST_TARGET_NAME = ReduxMagic;
			};
			name = Debug;
		};
		45D734EB1EE2FDB700B3D4FC /* Release */ = {
			isa = XCBuildConfiguration;
			buildSettings = {
				COMBINE_HIDPI_IMAGES = YES;
				INFOPLIST_FILE = ReduxMagicUITests/Info.plist;
				LD_RUNPATH_SEARCH_PATHS = "$(inherited) @executable_path/../Frameworks @loader_path/../Frameworks";
				PRODUCT_BUNDLE_IDENTIFIER = com.josewwdc.ReduxMagicUITests;
				PRODUCT_NAME = "$(TARGET_NAME)";
				TEST_TARGET_NAME = ReduxMagic;
			};
			name = Release;
		};
/* End XCBuildConfiguration section */

/* Begin XCConfigurationList section */
		45D734B41EE2FDB700B3D4FC /* Build configuration list for PBXProject "ReduxMagic" */ = {
			isa = XCConfigurationList;
			buildConfigurations = (
				45D734E11EE2FDB700B3D4FC /* Debug */,
				45D734E21EE2FDB700B3D4FC /* Release */,
			);
			defaultConfigurationIsVisible = 0;
			defaultConfigurationName = Release;
		};
		45D734E31EE2FDB700B3D4FC /* Build configuration list for PBXNativeTarget "ReduxMagic" */ = {
			isa = XCConfigurationList;
			buildConfigurations = (
				45D734E41EE2FDB700B3D4FC /* Debug */,
				45D734E51EE2FDB700B3D4FC /* Release */,
			);
			defaultConfigurationIsVisible = 0;
		};
		45D734E61EE2FDB700B3D4FC /* Build configuration list for PBXNativeTarget "ReduxMagicTests" */ = {
			isa = XCConfigurationList;
			buildConfigurations = (
				45D734E71EE2FDB700B3D4FC /* Debug */,
				45D734E81EE2FDB700B3D4FC /* Release */,
			);
			defaultConfigurationIsVisible = 0;
		};
		45D734E91EE2FDB700B3D4FC /* Build configuration list for PBXNativeTarget "ReduxMagicUITests" */ = {
			isa = XCConfigurationList;
			buildConfigurations = (
				45D734EA1EE2FDB700B3D4FC /* Debug */,
				45D734EB1EE2FDB700B3D4FC /* Release */,
			);
			defaultConfigurationIsVisible = 0;
		};
/* End XCConfigurationList section */
	};
	rootObject = 45D734B11EE2FDB700B3D4FC /* Project object */;
}
